
Microsoft Visual Studio Solution File, Format Version 12.00
# Visual Studio Version 17
VisualStudioVersion = 17.8.34511.84
MinimumVisualStudioVersion = 10.0.40219.1
Project("{FAE04EC0-301F-11D3-BF4B-00C04F79EFBC}") = "Heap", "Heap\Heap.csproj", "{56D6DB84-6432-4625-B949-F5C52B8D742E}"
EndProject
Global
	GlobalSection(SolutionConfigurationPlatforms) = preSolution
		Debug|Any CPU = Debug|Any CPU
		Release|Any CPU = Release|Any CPU
	EndGlobalSection
	GlobalSection(ProjectConfigurationPlatforms) = postSolution
		{56D6DB84-6432-4625-B949-F5C52B8D742E}.Debug|Any CPU.ActiveCfg = Debug|Any CPU
		{56D6DB84-6432-4625-B949-F5C52B8D742E}.Debug|Any CPU.Build.0 = Debug|Any CPU
		{56D6DB84-6432-4625-B949-F5C52B8D742E}.Release|Any CPU.ActiveCfg = Release|Any CPU
		{56D6DB84-6432-4625-B949-F5C52B8D742E}.Release|Any CPU.Build.0 = Release|Any CPU
	EndGlobalSection
	GlobalSection(SolutionProperties) = preSolution
		HideSolutionNode = FALSE
	EndGlobalSection
	GlobalSection(ExtensibilityGlobals) = postSolution
		SolutionGuid = {E39577D5-5F61-4B64-A327-F641F0B557BA}
	EndGlobalSection
EndGlobal
